
Microsoft Visual Studio Solution File, Format Version 12.00
# Visual Studio Version 16
VisualStudioVersion = 16.0.31410.357
MinimumVisualStudioVersion = 10.0.40219.1
Project("{FAE04EC0-301F-11D3-BF4B-00C04F79EFBC}") = "Presentacion", "Presentacion\Presentacion.csproj", "{6C7E5FDF-0703-438C-947E-5BDAFB372607}"
EndProject
Project("{FAE04EC0-301F-11D3-BF4B-00C04F79EFBC}") = "Dominio", "Dominio\Dominio.csproj", "{8D994DF5-9F08-4FCF-A2B3-EF232D927097}"
EndProject
Project("{FAE04EC0-301F-11D3-BF4B-00C04F79EFBC}") = "Negocio", "Negocio\Negocio.csproj", "{D5665007-FAA7-4767-8E06-D9FA6FFDFAC3}"
EndProject
Global
	GlobalSection(SolutionConfigurationPlatforms) = preSolution
		Debug|Any CPU = Debug|Any CPU
		Release|Any CPU = Release|Any CPU
	EndGlobalSection
	GlobalSection(ProjectConfigurationPlatforms) = postSolution
		{6C7E5FDF-0703-438C-947E-5BDAFB372607}.Debug|Any CPU.ActiveCfg = Debug|Any CPU
		{6C7E5FDF-0703-438C-947E-5BDAFB372607}.Debug|Any CPU.Build.0 = Debug|Any CPU
		{6C7E5FDF-0703-438C-947E-5BDAFB372607}.Release|Any CPU.ActiveCfg = Release|Any CPU
		{6C7E5FDF-0703-438C-947E-5BDAFB372607}.Release|Any CPU.Build.0 = Release|Any CPU
		{8D994DF5-9F08-4FCF-A2B3-EF232D927097}.Debug|Any CPU.ActiveCfg = Debug|Any CPU
		{8D994DF5-9F08-4FCF-A2B3-EF232D927097}.Debug|Any CPU.Build.0 = Debug|Any CPU
		{8D994DF5-9F08-4FCF-A2B3-EF232D927097}.Release|Any CPU.ActiveCfg = Release|Any CPU
		{8D994DF5-9F08-4FCF-A2B3-EF232D927097}.Release|Any CPU.Build.0 = Release|Any CPU
		{D5665007-FAA7-4767-8E06-D9FA6FFDFAC3}.Debug|Any CPU.ActiveCfg = Debug|Any CPU
		{D5665007-FAA7-4767-8E06-D9FA6FFDFAC3}.Debug|Any CPU.Build.0 = Debug|Any CPU
		{D5665007-FAA7-4767-8E06-D9FA6FFDFAC3}.Release|Any CPU.ActiveCfg = Release|Any CPU
		{D5665007-FAA7-4767-8E06-D9FA6FFDFAC3}.Release|Any CPU.Build.0 = Release|Any CPU
	EndGlobalSection
	GlobalSection(SolutionProperties) = preSolution
		HideSolutionNode = FALSE
	EndGlobalSection
	GlobalSection(ExtensibilityGlobals) = postSolution
		SolutionGuid = {F4114C1A-A85C-4866-AB71-99B852CA9D44}
	EndGlobalSection
EndGlobal
